// !$*UTF8*$!
{
	archiveVersion = 1;
	classes = {
	};
	objectVersion = 46;
	objects = {

/* Begin PBXBuildFile section */
		6C6ED4C41D11D02F00BE20BD /* AppDelegate.swift in Sources */ = {isa = PBXBuildFile; fileRef = 6C6ED4C31D11D02F00BE20BD /* AppDelegate.swift */; };
		6C6ED4C61D11D02F00BE20BD /* ViewController.swift in Sources */ = {isa = PBXBuildFile; fileRef = 6C6ED4C51D11D02F00BE20BD /* ViewController.swift */; };
		6C6ED4C91D11D02F00BE20BD /* Main.storyboard in Resources */ = {isa = PBXBuildFile; fileRef = 6C6ED4C71D11D02F00BE20BD /* Main.storyboard */; };
		6C6ED4CB1D11D02F00BE20BD /* Assets.xcassets in Resources */ = {isa = PBXBuildFile; fileRef = 6C6ED4CA1D11D02F00BE20BD /* Assets.xcassets */; };
		6C6ED4CE1D11D02F00BE20BD /* LaunchScreen.storyboard in Resources */ = {isa = PBXBuildFile; fileRef = 6C6ED4CC1D11D02F00BE20BD /* LaunchScreen.storyboard */; };
/* End PBXBuildFile section */

/* Begin PBXFileReference section */
		6C6ED4C01D11D02F00BE20BD /* Flix.app */ = {isa = PBXFileReference; explicitFileType = wrapper.application; includeInIndex = 0; path = Flix.app; sourceTree = BUILT_PRODUCTS_DIR; };
		6C6ED4C31D11D02F00BE20BD /* AppDelegate.swift */ = {isa = PBXFileReference; lastKnownFileType = sourcecode.swift; path = AppDelegate.swift; sourceTree = "<group>"; };
		6C6ED4C51D11D02F00BE20BD /* ViewController.swift */ = {isa = PBXFileReference; lastKnownFileType = sourcecode.swift; path = ViewController.swift; sourceTree = "<group>"; };
		6C6ED4C81D11D02F00BE20BD /* Base */ = {isa = PBXFileReference; lastKnownFileType = file.storyboard; name = Base; path = Base.lproj/Main.storyboard; sourceTree = "<group>"; };
		6C6ED4CA1D11D02F00BE20BD /* Assets.xcassets */ = {isa = PBXFileReference; lastKnownFileType = folder.assetcatalog; path = Assets.xcassets; sourceTree = "<group>"; };
		6C6ED4CD1D11D02F00BE20BD /* Base */ = {isa = PBXFileReference; lastKnownFileType = file.storyboard; name = Base; path = Base.lproj/LaunchScreen.storyboard; sourceTree = "<group>"; };
		6C6ED4CF1D11D02F00BE20BD /* Info.plist */ = {isa = PBXFileReference; lastKnownFileType = text.plist.xml; path = Info.plist; sourceTree = "<group>"; };
/* End PBXFileReference section */

/* Begin PBXFrameworksBuildPhase section */
		6C6ED4BD1D11D02F00BE20BD /* Frameworks */ = {
			isa = PBXFrameworksBuildPhase;
			buildActionMask = 2147483647;
			files = (
			);
			runOnlyForDeploymentPostprocessing = 0;
		};
/* End PBXFrameworksBuildPhase section */

/* Begin PBXGroup section */
		6C6ED4B71D11D02F00BE20BD = {
			isa = PBXGroup;
			children = (
				6C6ED4C21D11D02F00BE20BD /* Flix */,
				6C6ED4C11D11D02F00BE20BD /* Products */,
			);
			sourceTree = "<group>";
		};
		6C6ED4C11D11D02F00BE20BD /* Products */ = {
			isa = PBXGroup;
			children = (
				6C6ED4C01D11D02F00BE20BD /* Flix.app */,
			);
			name = Products;
			sourceTree = "<group>";
		};
		6C6ED4C21D11D02F00BE20BD /* Flix */ = {
			isa = PBXGroup;
			children = (
				6C6ED4C31D11D02F00BE20BD /* AppDelegate.swift */,
				6C6ED4C51D11D02F00BE20BD /* ViewController.swift */,
				6C6ED4C71D11D02F00BE20BD /* Main.storyboard */,
				6C6ED4CA1D11D02F00BE20BD /* Assets.xcassets */,
				6C6ED4CC1D11D02F00BE20BD /* LaunchScreen.storyboard */,
				6C6ED4CF1D11D02F00BE20BD /* Info.plist */,
			);
			path = Flix;
			sourceTree = "<group>";
		};
/* End PBXGroup section */

/* Begin PBXNativeTarget section */
		6C6ED4BF1D11D02F00BE20BD /* Flix */ = {
			isa = PBXNativeTarget;
			buildConfigurationList = 6C6ED4D21D11D02F00BE20BD /* Build configuration list for PBXNativeTarget "Flix" */;
			buildPhases = (
				6C6ED4BC1D11D02F00BE20BD /* Sources */,
				6C6ED4BD1D11D02F00BE20BD /* Frameworks */,
				6C6ED4BE1D11D02F00BE20BD /* Resources */,
			);
			buildRules = (
			);
			dependencies = (
			);
			name = Flix;
			productName = Flix;
			productReference = 6C6ED4C01D11D02F00BE20BD /* Flix.app */;
			productType = "com.apple.product-type.application";
		};
/* End PBXNativeTarget section */

/* Begin PBXProject section */
		6C6ED4B81D11D02F00BE20BD /* Project object */ = {
			isa = PBXProject;
			attributes = {
				LastSwiftUpdateCheck = 0730;
				LastUpgradeCheck = 0730;
				ORGANIZATIONNAME = "John Kriston";
				TargetAttributes = {
					6C6ED4BF1D11D02F00BE20BD = {
						CreatedOnToolsVersion = 7.3.1;
					};
				};
			};
			buildConfigurationList = 6C6ED4BB1D11D02F00BE20BD /* Build configuration list for PBXProject "Flix" */;
			compatibilityVersion = "Xcode 3.2";
			developmentRegion = English;
			hasScannedForEncodings = 0;
			knownRegions = (
				en,
				Base,
			);
			mainGroup = 6C6ED4B71D11D02F00BE20BD;
			productRefGroup = 6C6ED4C11D11D02F00BE20BD /* Products */;
			projectDirPath = "";
			projectRoot = "";
			targets = (
				6C6ED4BF1D11D02F00BE20BD /* Flix */,
			);
		};
/* End PBXProject section */

/* Begin PBXResourcesBuildPhase section */
		6C6ED4BE1D11D02F00BE20BD /* Resources */ = {
			isa = PBXResourcesBuildPhase;
			buildActionMask = 2147483647;
			files = (
				6C6ED4CE1D11D02F00BE20BD /* LaunchScreen.storyboard in Resources */,
				6C6ED4CB1D11D02F00BE20BD /* Assets.xcassets in Resources */,
				6C6ED4C91D11D02F00BE20BD /* Main.storyboard in Resources */,
			);
			runOnlyForDeploymentPostprocessing = 0;
		};
/* End PBXResourcesBuildPhase section */

/* Begin PBXSourcesBuildPhase section */
		6C6ED4BC1D11D02F00BE20BD /* Sources */ = {
			isa = PBXSourcesBuildPhase;
			buildActionMask = 2147483647;
			files = (
				6C6ED4C61D11D02F00BE20BD /* ViewController.swift in Sources */,
				6C6ED4C41D11D02F00BE20BD /* AppDelegate.swift in Sources */,
			);
			runOnlyForDeploymentPostprocessing = 0;
		};
/* End PBXSourcesBuildPhase section */

/* Begin PBXVariantGroup section */
		6C6ED4C71D11D02F00BE20BD /* Main.storyboard */ = {
			isa = PBXVariantGroup;
			children = (
				6C6ED4C81D11D02F00BE20BD /* Base */,
			);
			name = Main.storyboard;
			sourceTree = "<group>";
		};
		6C6ED4CC1D11D02F00BE20BD /* LaunchScreen.storyboard */ = {
			isa = PBXVariantGroup;
			children = (
				6C6ED4CD1D11D02F00BE20BD /* Base */,
			);
			name = LaunchScreen.storyboard;
			sourceTree = "<group>";
		};
/* End PBXVariantGroup section */

/* Begin XCBuildConfiguration section */
		6C6ED4D01D11D02F00BE20BD /* Debug */ = {
			isa = XCBuildConfiguration;
			buildSettings = {
				ALWAYS_SEARCH_USER_PATHS = NO;
				CLANG_ANALYZER_NONNULL = YES;
				CLANG_CXX_LANGUAGE_STANDARD = "gnu++0x";
				CLANG_CXX_LIBRARY = "libc++";
				CLANG_ENABLE_MODULES = YES;
				CLANG_ENABLE_OBJC_ARC = YES;
				CLANG_WARN_BOOL_CONVERSION = YES;
				CLANG_WARN_CONSTANT_CONVERSION = YES;
				CLANG_WARN_DIRECT_OBJC_ISA_USAGE = YES_ERROR;
				CLANG_WARN_EMPTY_BODY = YES;
				CLANG_WARN_ENUM_CONVERSION = YES;
				CLANG_WARN_INT_CONVERSION = YES;
				CLANG_WARN_OBJC_ROOT_CLASS = YES_ERROR;
				CLANG_WARN_UNREACHABLE_CODE = YES;
				CLANG_WARN__DUPLICATE_METHOD_MATCH = YES;
				"CODE_SIGN_IDENTITY[sdk=iphoneos*]" = "iPhone Developer";
				COPY_PHASE_STRIP = NO;
				DEBUG_INFORMATION_FORMAT = dwarf;
				ENABLE_STRICT_OBJC_MSGSEND = YES;
				ENABLE_TESTABILITY = YES;
				GCC_C_LANGUAGE_STANDARD = gnu99;
				GCC_DYNAMIC_NO_PIC = NO;
				GCC_NO_COMMON_BLOCKS = YES;
				GCC_OPTIMIZATION_LEVEL = 0;
				GCC_PREPROCESSOR_DEFINITIONS = (
					"DEBUG=1",
					"$(inherited)",
				);
				GCC_WARN_64_TO_32_BIT_CONVERSION = YES;
				GCC_WARN_ABOUT_RETURN_TYPE = YES_ERROR;
				GCC_WARN_UNDECLARED_SELECTOR = YES;
				GCC_WARN_UNINITIALIZED_AUTOS = YES_AGGRESSIVE;
				GCC_WARN_UNUSED_FUNCTION = YES;
				GCC_WARN_UNUSED_VARIABLE = YES;
				IPHONEOS_DEPLOYMENT_TARGET = 9.3;
				MTL_ENABLE_DEBUG_INFO = YES;
				ONLY_ACTIVE_ARCH = YES;
				SDKROOT = iphoneos;
				SWIFT_OPTIMIZATION_LEVEL = "-Onone";
			};
			name = Debug;
		};
		6C6ED4D11D11D02F00BE20BD /* Release */ = {
			isa = XCBuildConfiguration;
			buildSettings = {
				ALWAYS_SEARCH_USER_PATHS = NO;
				CLANG_ANALYZER_NONNULL = YES;
				CLANG_CXX_LANGUAGE_STANDARD = "gnu++0x";
				CLANG_CXX_LIBRARY = "libc++";
				CLANG_ENABLE_MODULES = YES;
				CLANG_ENABLE_OBJC_ARC = YES;
				CLANG_WARN_BOOL_CONVERSION = YES;
				CLANG_WARN_CONSTANT_CONVERSION = YES;
				CLANG_WARN_DIRECT_OBJC_ISA_USAGE = YES_ERROR;
				CLANG_WARN_EMPTY_BODY = YES;
				CLANG_WARN_ENUM_CONVERSION = YES;
				CLANG_WARN_INT_CONVERSION = YES;
				CLANG_WARN_OBJC_ROOT_CLASS = YES_ERROR;
				CLANG_WARN_UNREACHABLE_CODE = YES;
				CLANG_WARN__DUPLICATE_METHOD_MATCH = YES;
				"CODE_SIGN_IDENTITY[sdk=iphoneos*]" = "iPhone Developer";
				COPY_PHASE_STRIP = NO;
				DEBUG_INFORMATION_FORMAT = "dwarf-with-dsym";
				ENABLE_NS_ASSERTIONS = NO;
				ENABLE_STRICT_OBJC_MSGSEND = YES;
				GCC_C_LANGUAGE_STANDARD = gnu99;
				GCC_NO_COMMON_BLOCKS = YES;
				GCC_WARN_64_TO_32_BIT_CONVERSION = YES;
				GCC_WARN_ABOUT_RETURN_TYPE = YES_ERROR;
				GCC_WARN_UNDECLARED_SELECTOR = YES;
				GCC_WARN_UNINITIALIZED_AUTOS = YES_AGGRESSIVE;
				GCC_WARN_UNUSED_FUNCTION = YES;
				GCC_WARN_UNUSED_VARIABLE = YES;
				IPHONEOS_DEPLOYMENT_TARGET = 9.3;
				MTL_ENABLE_DEBUG_INFO = NO;
				SDKROOT = iphoneos;
				VALIDATE_PRODUCT = YES;
			};
			name = Release;
		};
		6C6ED4D31D11D02F00BE20BD /* Debug */ = {
			isa = XCBuildConfiguration;
			buildSettings = {
				ASSETCATALOG_COMPILER_APPICON_NAME = AppIcon;
				INFOPLIST_FILE = Flix/Info.plist;
				LD_RUNPATH_SEARCH_PATHS = "$(inherited) @executable_path/Frameworks";
				PRODUCT_BUNDLE_IDENTIFIER = com.codepath.Flix;
				PRODUCT_NAME = "$(TARGET_NAME)";
			};
			name = Debug;
		};
		6C6ED4D41D11D02F00BE20BD /* Release */ = {
			isa = XCBuildConfiguration;
			buildSettings = {
				ASSETCATALOG_COMPILER_APPICON_NAME = AppIcon;
				INFOPLIST_FILE = Flix/Info.plist;
				LD_RUNPATH_SEARCH_PATHS = "$(inherited) @executable_path/Frameworks";
				PRODUCT_BUNDLE_IDENTIFIER = com.codepath.Flix;
				PRODUCT_NAME = "$(TARGET_NAME)";
			};
			name = Release;
		};
/* End XCBuildConfiguration section */

/* Begin XCConfigurationList section */
		6C6ED4BB1D11D02F00BE20BD /* Build configuration list for PBXProject "Flix" */ = {
			isa = XCConfigurationList;
			buildConfigurations = (
				6C6ED4D01D11D02F00BE20BD /* Debug */,
				6C6ED4D11D11D02F00BE20BD /* Release */,
			);
			defaultConfigurationIsVisible = 0;
			defaultConfigurationName = Release;
		};
		6C6ED4D21D11D02F00BE20BD /* Build configuration list for PBXNativeTarget "Flix" */ = {
			isa = XCConfigurationList;
			buildConfigurations = (
				6C6ED4D31D11D02F00BE20BD /* Debug */,
				6C6ED4D41D11D02F00BE20BD /* Release */,
			);
			defaultConfigurationIsVisible = 0;
		};
/* End XCConfigurationList section */
	};
	rootObject = 6C6ED4B81D11D02F00BE20BD /* Project object */;
}
